
Microsoft Visual Studio Solution File, Format Version 12.00
# Visual Studio Version 16
VisualStudioVersion = 16.0.30114.105
MinimumVisualStudioVersion = 10.0.40219.1
Project("{9A19103F-16F7-4668-BE54-9A1E7A4F7556}") = "Dgp.Domain.Core", "Dgp.Domain.Core\Dgp.Domain.Core.csproj", "{8C168F43-9016-4506-97D8-6852CA84347D}"
EndProject
Project("{9A19103F-16F7-4668-BE54-9A1E7A4F7556}") = "Dgp.AdminConsole", "Dgp.AdminConsole\Dgp.AdminConsole.csproj", "{60055F56-2F13-4E71-95D9-5446B194EA8F}"
EndProject
Project("{9A19103F-16F7-4668-BE54-9A1E7A4F7556}") = "Dgp.Data.AzureTables", "Dgp.Data.AzureTables\Dgp.Data.AzureTables.csproj", "{6374D7FA-2F74-4D01-BA11-BF568A2AB415}"
EndProject
Project("{9A19103F-16F7-4668-BE54-9A1E7A4F7556}") = "Dgp.Data.Seed", "Dgp.Data.Seed\Dgp.Data.Seed.csproj", "{05294FB4-A510-4A31-920D-2A5C66A5FAF9}"
EndProject
Project("{9A19103F-16F7-4668-BE54-9A1E7A4F7556}") = "Dgp.Domain.Core.Test", "Dgp.Domain.Core.Test\Dgp.Domain.Core.Test.csproj", "{DE984745-D1C1-46A3-8E48-7A84299C2AED}"
EndProject
Project("{9A19103F-16F7-4668-BE54-9A1E7A4F7556}") = "Dgp.Service.Rest", "Dgp.Service.Rest\Dgp.Service.Rest.csproj", "{79729677-CF4F-4895-B6F8-80C0FD22BB8D}"
EndProject
Project("{2150E333-8FDC-42A3-9474-1A3956D46DE8}") = "Admin", "Admin", "{8D9B880D-5706-4A79-9126-0C4093089D2A}"
EndProject
Project("{2150E333-8FDC-42A3-9474-1A3956D46DE8}") = "Data", "Data", "{C3F65B34-603D-479F-8D11-3560EBF816F7}"
EndProject
Project("{2150E333-8FDC-42A3-9474-1A3956D46DE8}") = "Test", "Test", "{733C24E0-52D5-4EC1-A3A6-94C640F71A69}"
EndProject
Project("{2150E333-8FDC-42A3-9474-1A3956D46DE8}") = "Service", "Service", "{07AE0DA5-B0B0-4290-B86F-F1661661BD97}"
EndProject
Project("{2150E333-8FDC-42A3-9474-1A3956D46DE8}") = "Client", "Client", "{E03AD6D5-F823-4D44-A1E7-92DDA13CCCD4}"
EndProject
Project("{9A19103F-16F7-4668-BE54-9A1E7A4F7556}") = "Dgp.Client.Vue", "Dgp.Client.Vue\Dgp.Client.Vue.csproj", "{887A7675-BE88-48B0-80A3-0B176F65B1B7}"
EndProject
Project("{9A19103F-16F7-4668-BE54-9A1E7A4F7556}") = "Dgp.Data.EFCosmosDB", "Dgp.Data.EFCosmosDB\Dgp.Data.EFCosmosDB.csproj", "{4595C379-8CD5-4BF3-A111-98E080EE9A66}"
EndProject
Project("{6EC3EE1D-3C4E-46DD-8F32-0CC8E7565705}") = "Dgp.Domain.FSharp", "Dgp.Domain.FSharp\Dgp.Domain.FSharp.fsproj", "{902FC21B-8031-4F2A-8317-DC07343A96C6}"
EndProject
Project("{6EC3EE1D-3C4E-46DD-8F32-0CC8E7565705}") = "Dgp.Domain.FSharp.Test", "Dgp.Domain.FSharp.Test\Dgp.Domain.FSharp.Test.fsproj", "{83F7E269-F84C-4A84-A0E7-DB629D8438F8}"
EndProject
Project("{6EC3EE1D-3C4E-46DD-8F32-0CC8E7565705}") = "Dgp.Service.Rest.Giraffe", "Dgp.Service.Rest.Giraffe\Dgp.Service.Rest.Giraffe.fsproj", "{E14B641A-409A-4E08-BA97-09D0AC54AB91}"
EndProject
Project("{9A19103F-16F7-4668-BE54-9A1E7A4F7556}") = "Dgp.Data.AzureServiceBusQueue", "Dgp.Data.AzureServiceBusQueue\Dgp.Data.AzureServiceBusQueue.csproj", "{5DF6393F-C11A-4F2E-B00A-073700714076}"
EndProject
Project("{9A19103F-16F7-4668-BE54-9A1E7A4F7556}") = "Dgp.Service.Dispatcher.AzureFunctions", "Dgp.Service.Dispatcher.AzureFunctions\Dgp.Service.Dispatcher.AzureFunctions.csproj", "{F48C4F3B-5D2E-4EE9-B07B-594C43E42EA0}"
EndProject
Project("{9A19103F-16F7-4668-BE54-9A1E7A4F7556}") = "Dgp.Client.Blazor", "Dgp.Client.Blazor\Dgp.Client.Blazor.csproj", "{9FE84922-CF71-455B-81DB-8C6A1C3D7010}"
EndProject
Global
	GlobalSection(SolutionConfigurationPlatforms) = preSolution
		Debug|Any CPU = Debug|Any CPU
		Release|Any CPU = Release|Any CPU
	EndGlobalSection
	GlobalSection(ProjectConfigurationPlatforms) = postSolution
		{8C168F43-9016-4506-97D8-6852CA84347D}.Debug|Any CPU.ActiveCfg = Debug|Any CPU
		{8C168F43-9016-4506-97D8-6852CA84347D}.Debug|Any CPU.Build.0 = Debug|Any CPU
		{8C168F43-9016-4506-97D8-6852CA84347D}.Release|Any CPU.ActiveCfg = Release|Any CPU
		{8C168F43-9016-4506-97D8-6852CA84347D}.Release|Any CPU.Build.0 = Release|Any CPU
		{60055F56-2F13-4E71-95D9-5446B194EA8F}.Debug|Any CPU.ActiveCfg = Debug|Any CPU
		{60055F56-2F13-4E71-95D9-5446B194EA8F}.Debug|Any CPU.Build.0 = Debug|Any CPU
		{60055F56-2F13-4E71-95D9-5446B194EA8F}.Release|Any CPU.ActiveCfg = Release|Any CPU
		{60055F56-2F13-4E71-95D9-5446B194EA8F}.Release|Any CPU.Build.0 = Release|Any CPU
		{6374D7FA-2F74-4D01-BA11-BF568A2AB415}.Debug|Any CPU.ActiveCfg = Debug|Any CPU
		{6374D7FA-2F74-4D01-BA11-BF568A2AB415}.Debug|Any CPU.Build.0 = Debug|Any CPU
		{6374D7FA-2F74-4D01-BA11-BF568A2AB415}.Release|Any CPU.ActiveCfg = Release|Any CPU
		{6374D7FA-2F74-4D01-BA11-BF568A2AB415}.Release|Any CPU.Build.0 = Release|Any CPU
		{05294FB4-A510-4A31-920D-2A5C66A5FAF9}.Debug|Any CPU.ActiveCfg = Debug|Any CPU
		{05294FB4-A510-4A31-920D-2A5C66A5FAF9}.Debug|Any CPU.Build.0 = Debug|Any CPU
		{05294FB4-A510-4A31-920D-2A5C66A5FAF9}.Release|Any CPU.ActiveCfg = Release|Any CPU
		{05294FB4-A510-4A31-920D-2A5C66A5FAF9}.Release|Any CPU.Build.0 = Release|Any CPU
		{DE984745-D1C1-46A3-8E48-7A84299C2AED}.Debug|Any CPU.ActiveCfg = Debug|Any CPU
		{DE984745-D1C1-46A3-8E48-7A84299C2AED}.Debug|Any CPU.Build.0 = Debug|Any CPU
		{DE984745-D1C1-46A3-8E48-7A84299C2AED}.Release|Any CPU.ActiveCfg = Release|Any CPU
		{DE984745-D1C1-46A3-8E48-7A84299C2AED}.Release|Any CPU.Build.0 = Release|Any CPU
		{79729677-CF4F-4895-B6F8-80C0FD22BB8D}.Debug|Any CPU.ActiveCfg = Debug|Any CPU
		{79729677-CF4F-4895-B6F8-80C0FD22BB8D}.Debug|Any CPU.Build.0 = Debug|Any CPU
		{79729677-CF4F-4895-B6F8-80C0FD22BB8D}.Release|Any CPU.ActiveCfg = Release|Any CPU
		{79729677-CF4F-4895-B6F8-80C0FD22BB8D}.Release|Any CPU.Build.0 = Release|Any CPU
		{887A7675-BE88-48B0-80A3-0B176F65B1B7}.Debug|Any CPU.ActiveCfg = Debug|Any CPU
		{887A7675-BE88-48B0-80A3-0B176F65B1B7}.Debug|Any CPU.Build.0 = Debug|Any CPU
		{887A7675-BE88-48B0-80A3-0B176F65B1B7}.Release|Any CPU.ActiveCfg = Release|Any CPU
		{887A7675-BE88-48B0-80A3-0B176F65B1B7}.Release|Any CPU.Build.0 = Release|Any CPU
		{4595C379-8CD5-4BF3-A111-98E080EE9A66}.Debug|Any CPU.ActiveCfg = Debug|Any CPU
		{4595C379-8CD5-4BF3-A111-98E080EE9A66}.Debug|Any CPU.Build.0 = Debug|Any CPU
		{4595C379-8CD5-4BF3-A111-98E080EE9A66}.Release|Any CPU.ActiveCfg = Release|Any CPU
		{4595C379-8CD5-4BF3-A111-98E080EE9A66}.Release|Any CPU.Build.0 = Release|Any CPU
		{902FC21B-8031-4F2A-8317-DC07343A96C6}.Debug|Any CPU.ActiveCfg = Debug|Any CPU
		{902FC21B-8031-4F2A-8317-DC07343A96C6}.Debug|Any CPU.Build.0 = Debug|Any CPU
		{902FC21B-8031-4F2A-8317-DC07343A96C6}.Release|Any CPU.ActiveCfg = Release|Any CPU
		{902FC21B-8031-4F2A-8317-DC07343A96C6}.Release|Any CPU.Build.0 = Release|Any CPU
		{83F7E269-F84C-4A84-A0E7-DB629D8438F8}.Debug|Any CPU.ActiveCfg = Debug|Any CPU
		{83F7E269-F84C-4A84-A0E7-DB629D8438F8}.Debug|Any CPU.Build.0 = Debug|Any CPU
		{83F7E269-F84C-4A84-A0E7-DB629D8438F8}.Release|Any CPU.ActiveCfg = Release|Any CPU
		{83F7E269-F84C-4A84-A0E7-DB629D8438F8}.Release|Any CPU.Build.0 = Release|Any CPU
		{E14B641A-409A-4E08-BA97-09D0AC54AB91}.Debug|Any CPU.ActiveCfg = Debug|Any CPU
		{E14B641A-409A-4E08-BA97-09D0AC54AB91}.Debug|Any CPU.Build.0 = Debug|Any CPU
		{E14B641A-409A-4E08-BA97-09D0AC54AB91}.Release|Any CPU.ActiveCfg = Release|Any CPU
		{E14B641A-409A-4E08-BA97-09D0AC54AB91}.Release|Any CPU.Build.0 = Release|Any CPU
		{5DF6393F-C11A-4F2E-B00A-073700714076}.Debug|Any CPU.ActiveCfg = Debug|Any CPU
		{5DF6393F-C11A-4F2E-B00A-073700714076}.Debug|Any CPU.Build.0 = Debug|Any CPU
		{5DF6393F-C11A-4F2E-B00A-073700714076}.Release|Any CPU.ActiveCfg = Release|Any CPU
		{5DF6393F-C11A-4F2E-B00A-073700714076}.Release|Any CPU.Build.0 = Release|Any CPU
		{F48C4F3B-5D2E-4EE9-B07B-594C43E42EA0}.Debug|Any CPU.ActiveCfg = Debug|Any CPU
		{F48C4F3B-5D2E-4EE9-B07B-594C43E42EA0}.Debug|Any CPU.Build.0 = Debug|Any CPU
		{F48C4F3B-5D2E-4EE9-B07B-594C43E42EA0}.Release|Any CPU.ActiveCfg = Release|Any CPU
		{F48C4F3B-5D2E-4EE9-B07B-594C43E42EA0}.Release|Any CPU.Build.0 = Release|Any CPU
		{9FE84922-CF71-455B-81DB-8C6A1C3D7010}.Debug|Any CPU.ActiveCfg = Debug|Any CPU
		{9FE84922-CF71-455B-81DB-8C6A1C3D7010}.Debug|Any CPU.Build.0 = Debug|Any CPU
		{9FE84922-CF71-455B-81DB-8C6A1C3D7010}.Release|Any CPU.ActiveCfg = Release|Any CPU
		{9FE84922-CF71-455B-81DB-8C6A1C3D7010}.Release|Any CPU.Build.0 = Release|Any CPU
	EndGlobalSection
	GlobalSection(SolutionProperties) = preSolution
		HideSolutionNode = FALSE
	EndGlobalSection
	GlobalSection(NestedProjects) = preSolution
		{60055F56-2F13-4E71-95D9-5446B194EA8F} = {8D9B880D-5706-4A79-9126-0C4093089D2A}
		{6374D7FA-2F74-4D01-BA11-BF568A2AB415} = {C3F65B34-603D-479F-8D11-3560EBF816F7}
		{05294FB4-A510-4A31-920D-2A5C66A5FAF9} = {C3F65B34-603D-479F-8D11-3560EBF816F7}
		{DE984745-D1C1-46A3-8E48-7A84299C2AED} = {733C24E0-52D5-4EC1-A3A6-94C640F71A69}
		{79729677-CF4F-4895-B6F8-80C0FD22BB8D} = {07AE0DA5-B0B0-4290-B86F-F1661661BD97}
		{887A7675-BE88-48B0-80A3-0B176F65B1B7} = {E03AD6D5-F823-4D44-A1E7-92DDA13CCCD4}
		{4595C379-8CD5-4BF3-A111-98E080EE9A66} = {C3F65B34-603D-479F-8D11-3560EBF816F7}
		{83F7E269-F84C-4A84-A0E7-DB629D8438F8} = {733C24E0-52D5-4EC1-A3A6-94C640F71A69}
		{E14B641A-409A-4E08-BA97-09D0AC54AB91} = {07AE0DA5-B0B0-4290-B86F-F1661661BD97}
		{5DF6393F-C11A-4F2E-B00A-073700714076} = {C3F65B34-603D-479F-8D11-3560EBF816F7}
		{F48C4F3B-5D2E-4EE9-B07B-594C43E42EA0} = {07AE0DA5-B0B0-4290-B86F-F1661661BD97}
		{9FE84922-CF71-455B-81DB-8C6A1C3D7010} = {E03AD6D5-F823-4D44-A1E7-92DDA13CCCD4}
	EndGlobalSection
	GlobalSection(ExtensibilityGlobals) = postSolution
		SolutionGuid = {688A0F08-01AC-4144-8BC5-423EB4006B40}
	EndGlobalSection
EndGlobal
